Microsoft Visual Studio Solution File, Format Version 12.00
# Visual Studio Version 17
VisualStudioVersion = 17.5.2.0
MinimumVisualStudioVersion = 10.0.40219.1
Project("{FAE04EC0-301F-11D3-BF4B-00C04F79EFBC}") = "ArcadeScripts", "ArcadeScripts.csproj", "{3F3C08C7-8A9D-40F4-6E64-B749AEFAA620}"
EndProject
Global
	GlobalSection(SolutionConfigurationPlatforms) = preSolution
		Debug|Any CPU = Debug|Any CPU
		Release|Any CPU = Release|Any CPU
	EndGlobalSection
	GlobalSection(ProjectConfigurationPlatforms) = postSolution
		{3F3C08C7-8A9D-40F4-6E64-B749AEFAA620}.Debug|Any CPU.ActiveCfg = Debug|Any CPU
		{3F3C08C7-8A9D-40F4-6E64-B749AEFAA620}.Debug|Any CPU.Build.0 = Debug|Any CPU
		{3F3C08C7-8A9D-40F4-6E64-B749AEFAA620}.Release|Any CPU.ActiveCfg = Release|Any CPU
		{3F3C08C7-8A9D-40F4-6E64-B749AEFAA620}.Release|Any CPU.Build.0 = Release|Any CPU
	EndGlobalSection
	GlobalSection(SolutionProperties) = preSolution
		HideSolutionNode = FALSE
	EndGlobalSection
	GlobalSection(ExtensibilityGlobals) = postSolution
		SolutionGuid = {D311DE0F-E367-4C4A-AC4E-EFF3A07B3362}
	EndGlobalSection
EndGlobal
